
Microsoft Visual Studio Solution File, Format Version 12.00
Project("{FAE04EC0-301F-11D3-BF4B-00C04F79EFBC}") = "CompanyEmployees", "CompanyEmployees\CompanyEmployees.csproj", "{97C2CD36-1551-4A4C-AFC2-A9687343710F}"
EndProject
Global
	GlobalSection(SolutionConfigurationPlatforms) = preSolution
		Debug|Any CPU = Debug|Any CPU
		Release|Any CPU = Release|Any CPU
	EndGlobalSection
	GlobalSection(ProjectConfigurationPlatforms) = postSolution
		{97C2CD36-1551-4A4C-AFC2-A9687343710F}.Debug|Any CPU.ActiveCfg = Debug|Any CPU
		{97C2CD36-1551-4A4C-AFC2-A9687343710F}.Debug|Any CPU.Build.0 = Debug|Any CPU
		{97C2CD36-1551-4A4C-AFC2-A9687343710F}.Release|Any CPU.ActiveCfg = Release|Any CPU
		{97C2CD36-1551-4A4C-AFC2-A9687343710F}.Release|Any CPU.Build.0 = Release|Any CPU
	EndGlobalSection
EndGlobal
